
Microsoft Visual Studio Solution File, Format Version 12.00
# Visual Studio Version 16
VisualStudioVersion = 16.0.31025.194
MinimumVisualStudioVersion = 10.0.40219.1
Project("{FAE04EC0-301F-11D3-BF4B-00C04F79EFBC}") = "ClearentCodeChallenge", "ClearentCodeChallenge\ClearentCodeChallenge.csproj", "{62B415B5-83E2-46D5-B457-3FA56B02A32A}"
EndProject
Global
	GlobalSection(SolutionConfigurationPlatforms) = preSolution
		Debug|Any CPU = Debug|Any CPU
		Release|Any CPU = Release|Any CPU
	EndGlobalSection
	GlobalSection(ProjectConfigurationPlatforms) = postSolution
		{62B415B5-83E2-46D5-B457-3FA56B02A32A}.Debug|Any CPU.ActiveCfg = Debug|Any CPU
		{62B415B5-83E2-46D5-B457-3FA56B02A32A}.Debug|Any CPU.Build.0 = Debug|Any CPU
		{62B415B5-83E2-46D5-B457-3FA56B02A32A}.Release|Any CPU.ActiveCfg = Release|Any CPU
		{62B415B5-83E2-46D5-B457-3FA56B02A32A}.Release|Any CPU.Build.0 = Release|Any CPU
	EndGlobalSection
	GlobalSection(SolutionProperties) = preSolution
		HideSolutionNode = FALSE
	EndGlobalSection
	GlobalSection(ExtensibilityGlobals) = postSolution
		SolutionGuid = {36632F4E-6A07-46E1-ADC1-BAD069858300}
	EndGlobalSection
EndGlobal
